// !$*UTF8*$!
{
	archiveVersion = 1;
	classes = {
	};
	objectVersion = 46;
	objects = {

/* Begin PBXBuildFile section */
		64521D9F1CB7D77800EF9651 /* AppDelegate.swift in Sources */ = {isa = PBXBuildFile; fileRef = 64521D9E1CB7D77800EF9651 /* AppDelegate.swift */; };
		64521DA11CB7D77800EF9651 /* SearchViewController.swift in Sources */ = {isa = PBXBuildFile; fileRef = 64521DA01CB7D77800EF9651 /* SearchViewController.swift */; };
		64521DA41CB7D77800EF9651 /* Main.storyboard in Resources */ = {isa = PBXBuildFile; fileRef = 64521DA21CB7D77800EF9651 /* Main.storyboard */; };
		64521DA61CB7D77800EF9651 /* Assets.xcassets in Resources */ = {isa = PBXBuildFile; fileRef = 64521DA51CB7D77800EF9651 /* Assets.xcassets */; };
		64527F7D1CD2430100816609 /* UIImageView+DownloadImage.swift in Sources */ = {isa = PBXBuildFile; fileRef = 64527F7C1CD2430100816609 /* UIImageView+DownloadImage.swift */; };
		64527F851CD2502E00816609 /* DetailViewController.swift in Sources */ = {isa = PBXBuildFile; fileRef = 64527F841CD2502E00816609 /* DetailViewController.swift */; };
		64527F871CD2578400816609 /* DimmingPresentationController.swift in Sources */ = {isa = PBXBuildFile; fileRef = 64527F861CD2578400816609 /* DimmingPresentationController.swift */; };
		64534C571CC663D600D63C54 /* SearchResult.swift in Sources */ = {isa = PBXBuildFile; fileRef = 64534C561CC663D600D63C54 /* SearchResult.swift */; };
		646DD55D1CD0E79B00B80652 /* LoadingCell.xib in Resources */ = {isa = PBXBuildFile; fileRef = 646DD55C1CD0E79A00B80652 /* LoadingCell.xib */; };
		646F16801CCE3BAA006B46CF /* SearchResultCell.swift in Sources */ = {isa = PBXBuildFile; fileRef = 646F167E1CCE3BAA006B46CF /* SearchResultCell.swift */; };
		646F16811CCE3BAA006B46CF /* SearchResultCell.xib in Resources */ = {isa = PBXBuildFile; fileRef = 646F167F1CCE3BAA006B46CF /* SearchResultCell.xib */; };
		646F16831CCE4D11006B46CF /* NothingFoundCell.xib in Resources */ = {isa = PBXBuildFile; fileRef = 646F16821CCE4D11006B46CF /* NothingFoundCell.xib */; };
/* End PBXBuildFile section */

/* Begin PBXFileReference section */
		64521D9B1CB7D77800EF9651 /* iFoundIt.app */ = {isa = PBXFileReference; explicitFileType = wrapper.application; includeInIndex = 0; path = iFoundIt.app; sourceTree = BUILT_PRODUCTS_DIR; };
		64521D9E1CB7D77800EF9651 /* AppDelegate.swift */ = {isa = PBXFileReference; lastKnownFileType = sourcecode.swift; path = AppDelegate.swift; sourceTree = "<group>"; };
		64521DA01CB7D77800EF9651 /* SearchViewController.swift */ = {isa = PBXFileReference; lastKnownFileType = sourcecode.swift; path = SearchViewController.swift; sourceTree = "<group>"; };
		64521DA31CB7D77800EF9651 /* Base */ = {isa = PBXFileReference; lastKnownFileType = file.storyboard; name = Base; path = Base.lproj/Main.storyboard; sourceTree = "<group>"; };
		64521DA51CB7D77800EF9651 /* Assets.xcassets */ = {isa = PBXFileReference; lastKnownFileType = folder.assetcatalog; path = Assets.xcassets; sourceTree = "<group>"; };
		64521DAA1CB7D77800EF9651 /* Info.plist */ = {isa = PBXFileReference; lastKnownFileType = text.plist.xml; path = Info.plist; sourceTree = "<group>"; };
		64527F7C1CD2430100816609 /* UIImageView+DownloadImage.swift */ = {isa = PBXFileReference; fileEncoding = 4; lastKnownFileType = sourcecode.swift; path = "UIImageView+DownloadImage.swift"; sourceTree = "<group>"; };
		64527F841CD2502E00816609 /* DetailViewController.swift */ = {isa = PBXFileReference; fileEncoding = 4; lastKnownFileType = sourcecode.swift; path = DetailViewController.swift; sourceTree = "<group>"; };
		64527F861CD2578400816609 /* DimmingPresentationController.swift */ = {isa = PBXFileReference; fileEncoding = 4; lastKnownFileType = sourcecode.swift; path = DimmingPresentationController.swift; sourceTree = "<group>"; };
		64534C561CC663D600D63C54 /* SearchResult.swift */ = {isa = PBXFileReference; fileEncoding = 4; lastKnownFileType = sourcecode.swift; path = SearchResult.swift; sourceTree = "<group>"; };
		646DD55C1CD0E79A00B80652 /* LoadingCell.xib */ = {isa = PBXFileReference; fileEncoding = 4; lastKnownFileType = file.xib; path = LoadingCell.xib; sourceTree = "<group>"; };
		646F167E1CCE3BAA006B46CF /* SearchResultCell.swift */ = {isa = PBXFileReference; fileEncoding = 4; lastKnownFileType = sourcecode.swift; path = SearchResultCell.swift; sourceTree = "<group>"; };
		646F167F1CCE3BAA006B46CF /* SearchResultCell.xib */ = {isa = PBXFileReference; fileEncoding = 4; lastKnownFileType = file.xib; path = SearchResultCell.xib; sourceTree = "<group>"; };
		646F16821CCE4D11006B46CF /* NothingFoundCell.xib */ = {isa = PBXFileReference; fileEncoding = 4; lastKnownFileType = file.xib; path = NothingFoundCell.xib; sourceTree = "<group>"; };
/* End PBXFileReference section */

/* Begin PBXFrameworksBuildPhase section */
		64521D981CB7D77800EF9651 /* Frameworks */ = {
			isa = PBXFrameworksBuildPhase;
			buildActionMask = 2147483647;
			files = (
			);
			runOnlyForDeploymentPostprocessing = 0;
		};
/* End PBXFrameworksBuildPhase section */

/* Begin PBXGroup section */
		64521D921CB7D77800EF9651 = {
			isa = PBXGroup;
			children = (
				64521D9D1CB7D77800EF9651 /* iFoundIt */,
				64521D9C1CB7D77800EF9651 /* Products */,
			);
			sourceTree = "<group>";
		};
		64521D9C1CB7D77800EF9651 /* Products */ = {
			isa = PBXGroup;
			children = (
				64521D9B1CB7D77800EF9651 /* iFoundIt.app */,
			);
			name = Products;
			sourceTree = "<group>";
		};
		64521D9D1CB7D77800EF9651 /* iFoundIt */ = {
			isa = PBXGroup;
			children = (
				64527F831CD24FC900816609 /* Auxillary */,
				64527F7E1CD24F6800816609 /* View */,
				64527F811CD24FB600816609 /* Controllers */,
				64527F821CD24FBE00816609 /* Model */,
			);
			path = iFoundIt;
			sourceTree = "<group>";
		};
		64527F7E1CD24F6800816609 /* View */ = {
			isa = PBXGroup;
			children = (
				64527F7F1CD24F8400816609 /* NIBS */,
				64527F801CD24FA800816609 /* Files */,
			);
			name = View;
			sourceTree = "<group>";
		};
		64527F7F1CD24F8400816609 /* NIBS */ = {
			isa = PBXGroup;
			children = (
				64521DA21CB7D77800EF9651 /* Main.storyboard */,
				646F167F1CCE3BAA006B46CF /* SearchResultCell.xib */,
				646F16821CCE4D11006B46CF /* NothingFoundCell.xib */,
				646DD55C1CD0E79A00B80652 /* LoadingCell.xib */,
			);
			name = NIBS;
			sourceTree = "<group>";
		};
		64527F801CD24FA800816609 /* Files */ = {
			isa = PBXGroup;
			children = (
				646F167E1CCE3BAA006B46CF /* SearchResultCell.swift */,
			);
			name = Files;
			sourceTree = "<group>";
		};
		64527F811CD24FB600816609 /* Controllers */ = {
			isa = PBXGroup;
			children = (
				64521DA01CB7D77800EF9651 /* SearchViewController.swift */,
				64527F841CD2502E00816609 /* DetailViewController.swift */,
				64527F861CD2578400816609 /* DimmingPresentationController.swift */,
			);
			name = Controllers;
			sourceTree = "<group>";
		};
		64527F821CD24FBE00816609 /* Model */ = {
			isa = PBXGroup;
			children = (
				64534C561CC663D600D63C54 /* SearchResult.swift */,
				64527F7C1CD2430100816609 /* UIImageView+DownloadImage.swift */,
			);
			name = Model;
			sourceTree = "<group>";
		};
		64527F831CD24FC900816609 /* Auxillary */ = {
			isa = PBXGroup;
			children = (
				64521D9E1CB7D77800EF9651 /* AppDelegate.swift */,
				64521DA51CB7D77800EF9651 /* Assets.xcassets */,
				64521DAA1CB7D77800EF9651 /* Info.plist */,
			);
			name = Auxillary;
			sourceTree = "<group>";
		};
/* End PBXGroup section */

/* Begin PBXNativeTarget section */
		64521D9A1CB7D77800EF9651 /* iFoundIt */ = {
			isa = PBXNativeTarget;
			buildConfigurationList = 64521DAD1CB7D77800EF9651 /* Build configuration list for PBXNativeTarget "iFoundIt" */;
			buildPhases = (
				64521D971CB7D77800EF9651 /* Sources */,
				64521D981CB7D77800EF9651 /* Frameworks */,
				64521D991CB7D77800EF9651 /* Resources */,
			);
			buildRules = (
			);
			dependencies = (
			);
			name = iFoundIt;
			productName = iFoundIt;
			productReference = 64521D9B1CB7D77800EF9651 /* iFoundIt.app */;
			productType = "com.apple.product-type.application";
		};
/* End PBXNativeTarget section */

/* Begin PBXProject section */
		64521D931CB7D77800EF9651 /* Project object */ = {
			isa = PBXProject;
			attributes = {
				LastSwiftUpdateCheck = 0730;
				LastUpgradeCheck = 0730;
				ORGANIZATIONNAME = "Мануэль";
				TargetAttributes = {
					64521D9A1CB7D77800EF9651 = {
						CreatedOnToolsVersion = 7.3;
					};
				};
			};
			buildConfigurationList = 64521D961CB7D77800EF9651 /* Build configuration list for PBXProject "iFoundIt" */;
			compatibilityVersion = "Xcode 3.2";
			developmentRegion = English;
			hasScannedForEncodings = 0;
			knownRegions = (
				en,
				Base,
			);
			mainGroup = 64521D921CB7D77800EF9651;
			productRefGroup = 64521D9C1CB7D77800EF9651 /* Products */;
			projectDirPath = "";
			projectRoot = "";
			targets = (
				64521D9A1CB7D77800EF9651 /* iFoundIt */,
			);
		};
/* End PBXProject section */

/* Begin PBXResourcesBuildPhase section */
		64521D991CB7D77800EF9651 /* Resources */ = {
			isa = PBXResourcesBuildPhase;
			buildActionMask = 2147483647;
			files = (
				646F16811CCE3BAA006B46CF /* SearchResultCell.xib in Resources */,
				646DD55D1CD0E79B00B80652 /* LoadingCell.xib in Resources */,
				64521DA61CB7D77800EF9651 /* Assets.xcassets in Resources */,
				646F16831CCE4D11006B46CF /* NothingFoundCell.xib in Resources */,
				64521DA41CB7D77800EF9651 /* Main.storyboard in Resources */,
			);
			runOnlyForDeploymentPostprocessing = 0;
		};
/* End PBXResourcesBuildPhase section */

/* Begin PBXSourcesBuildPhase section */
		64521D971CB7D77800EF9651 /* Sources */ = {
			isa = PBXSourcesBuildPhase;
			buildActionMask = 2147483647;
			files = (
				64521DA11CB7D77800EF9651 /* SearchViewController.swift in Sources */,
				64527F871CD2578400816609 /* DimmingPresentationController.swift in Sources */,
				64534C571CC663D600D63C54 /* SearchResult.swift in Sources */,
				646F16801CCE3BAA006B46CF /* SearchResultCell.swift in Sources */,
				64527F851CD2502E00816609 /* DetailViewController.swift in Sources */,
				64521D9F1CB7D77800EF9651 /* AppDelegate.swift in Sources */,
				64527F7D1CD2430100816609 /* UIImageView+DownloadImage.swift in Sources */,
			);
			runOnlyForDeploymentPostprocessing = 0;
		};
/* End PBXSourcesBuildPhase section */

/* Begin PBXVariantGroup section */
		64521DA21CB7D77800EF9651 /* Main.storyboard */ = {
			isa = PBXVariantGroup;
			children = (
				64521DA31CB7D77800EF9651 /* Base */,
			);
			name = Main.storyboard;
			sourceTree = "<group>";
		};
/* End PBXVariantGroup section */

/* Begin XCBuildConfiguration section */
		64521DAB1CB7D77800EF9651 /* Debug */ = {
			isa = XCBuildConfiguration;
			buildSettings = {
				ALWAYS_SEARCH_USER_PATHS = NO;
				CLANG_ANALYZER_NONNULL = YES;
				CLANG_CXX_LANGUAGE_STANDARD = "gnu++0x";
				CLANG_CXX_LIBRARY = "libc++";
				CLANG_ENABLE_MODULES = YES;
				CLANG_ENABLE_OBJC_ARC = YES;
				CLANG_WARN_BOOL_CONVERSION = YES;
				CLANG_WARN_CONSTANT_CONVERSION = YES;
				CLANG_WARN_DIRECT_OBJC_ISA_USAGE = YES_ERROR;
				CLANG_WARN_EMPTY_BODY = YES;
				CLANG_WARN_ENUM_CONVERSION = YES;
				CLANG_WARN_INT_CONVERSION = YES;
				CLANG_WARN_OBJC_ROOT_CLASS = YES_ERROR;
				CLANG_WARN_UNREACHABLE_CODE = YES;
				CLANG_WARN__DUPLICATE_METHOD_MATCH = YES;
				"CODE_SIGN_IDENTITY[sdk=iphoneos*]" = "iPhone Developer";
				COPY_PHASE_STRIP = NO;
				DEBUG_INFORMATION_FORMAT = dwarf;
				ENABLE_STRICT_OBJC_MSGSEND = YES;
				ENABLE_TESTABILITY = YES;
				GCC_C_LANGUAGE_STANDARD = gnu99;
				GCC_DYNAMIC_NO_PIC = NO;
				GCC_NO_COMMON_BLOCKS = YES;
				GCC_OPTIMIZATION_LEVEL = 0;
				GCC_PREPROCESSOR_DEFINITIONS = (
					"DEBUG=1",
					"$(inherited)",
				);
				GCC_WARN_64_TO_32_BIT_CONVERSION = YES;
				GCC_WARN_ABOUT_RETURN_TYPE = YES_ERROR;
				GCC_WARN_UNDECLARED_SELECTOR = YES;
				GCC_WARN_UNINITIALIZED_AUTOS = YES_AGGRESSIVE;
				GCC_WARN_UNUSED_FUNCTION = YES;
				GCC_WARN_UNUSED_VARIABLE = YES;
				IPHONEOS_DEPLOYMENT_TARGET = 9.3;
				MTL_ENABLE_DEBUG_INFO = YES;
				ONLY_ACTIVE_ARCH = YES;
				SDKROOT = iphoneos;
				SWIFT_OPTIMIZATION_LEVEL = "-Onone";
			};
			name = Debug;
		};
		64521DAC1CB7D77800EF9651 /* Release */ = {
			isa = XCBuildConfiguration;
			buildSettings = {
				ALWAYS_SEARCH_USER_PATHS = NO;
				CLANG_ANALYZER_NONNULL = YES;
				CLANG_CXX_LANGUAGE_STANDARD = "gnu++0x";
				CLANG_CXX_LIBRARY = "libc++";
				CLANG_ENABLE_MODULES = YES;
				CLANG_ENABLE_OBJC_ARC = YES;
				CLANG_WARN_BOOL_CONVERSION = YES;
				CLANG_WARN_CONSTANT_CONVERSION = YES;
				CLANG_WARN_DIRECT_OBJC_ISA_USAGE = YES_ERROR;
				CLANG_WARN_EMPTY_BODY = YES;
				CLANG_WARN_ENUM_CONVERSION = YES;
				CLANG_WARN_INT_CONVERSION = YES;
				CLANG_WARN_OBJC_ROOT_CLASS = YES_ERROR;
				CLANG_WARN_UNREACHABLE_CODE = YES;
				CLANG_WARN__DUPLICATE_METHOD_MATCH = YES;
				"CODE_SIGN_IDENTITY[sdk=iphoneos*]" = "iPhone Developer";
				COPY_PHASE_STRIP = NO;
				DEBUG_INFORMATION_FORMAT = "dwarf-with-dsym";
				ENABLE_NS_ASSERTIONS = NO;
				ENABLE_STRICT_OBJC_MSGSEND = YES;
				GCC_C_LANGUAGE_STANDARD = gnu99;
				GCC_NO_COMMON_BLOCKS = YES;
				GCC_WARN_64_TO_32_BIT_CONVERSION = YES;
				GCC_WARN_ABOUT_RETURN_TYPE = YES_ERROR;
				GCC_WARN_UNDECLARED_SELECTOR = YES;
				GCC_WARN_UNINITIALIZED_AUTOS = YES_AGGRESSIVE;
				GCC_WARN_UNUSED_FUNCTION = YES;
				GCC_WARN_UNUSED_VARIABLE = YES;
				IPHONEOS_DEPLOYMENT_TARGET = 9.3;
				MTL_ENABLE_DEBUG_INFO = NO;
				SDKROOT = iphoneos;
				VALIDATE_PRODUCT = YES;
			};
			name = Release;
		};
		64521DAE1CB7D77800EF9651 /* Debug */ = {
			isa = XCBuildConfiguration;
			buildSettings = {
				ASSETCATALOG_COMPILER_APPICON_NAME = AppIcon;
				INFOPLIST_FILE = iFoundIt/Info.plist;
				LD_RUNPATH_SEARCH_PATHS = "$(inherited) @executable_path/Frameworks";
				PRODUCT_BUNDLE_IDENTIFIER = AuroraInterplay.iFoundIt;
				PRODUCT_NAME = "$(TARGET_NAME)";
			};
			name = Debug;
		};
		64521DAF1CB7D77800EF9651 /* Release */ = {
			isa = XCBuildConfiguration;
			buildSettings = {
				ASSETCATALOG_COMPILER_APPICON_NAME = AppIcon;
				INFOPLIST_FILE = iFoundIt/Info.plist;
				LD_RUNPATH_SEARCH_PATHS = "$(inherited) @executable_path/Frameworks";
				PRODUCT_BUNDLE_IDENTIFIER = AuroraInterplay.iFoundIt;
				PRODUCT_NAME = "$(TARGET_NAME)";
			};
			name = Release;
		};
/* End XCBuildConfiguration section */

/* Begin XCConfigurationList section */
		64521D961CB7D77800EF9651 /* Build configuration list for PBXProject "iFoundIt" */ = {
			isa = XCConfigurationList;
			buildConfigurations = (
				64521DAB1CB7D77800EF9651 /* Debug */,
				64521DAC1CB7D77800EF9651 /* Release */,
			);
			defaultConfigurationIsVisible = 0;
			defaultConfigurationName = Release;
		};
		64521DAD1CB7D77800EF9651 /* Build configuration list for PBXNativeTarget "iFoundIt" */ = {
			isa = XCConfigurationList;
			buildConfigurations = (
				64521DAE1CB7D77800EF9651 /* Debug */,
				64521DAF1CB7D77800EF9651 /* Release */,
			);
			defaultConfigurationIsVisible = 0;
			defaultConfigurationName = Release;
		};
/* End XCConfigurationList section */
	};
	rootObject = 64521D931CB7D77800EF9651 /* Project object */;
}
